lockfileVersion: '9.0'

settings:
  autoInstallPeers: true
  excludeLinksFromLockfile: false

importers:

  .:
    dependencies:
      '@fontsource-variable/geist':
        specifier: 5.0.1
        version: 5.0.1
      '@headlessui/react':
        specifier: 2.2.0
        version: 2.2.0(react-dom@18.3.1(react@18.3.1))(react@18.3.1)
      '@tailwindcss/postcss':
        specifier: 4.0.7
        version: 4.0.7
      holy-loader:
        specifier: 2.3.13
        version: 2.3.13(react@18.3.1)
      js-cookie:
        specifier: 3.0.5
        version: 3.0.5
      next:
        specifier: 14.2.24
        version: 14.2.24(react-dom@18.3.1(react@18.3.1))(react@18.3.1)
      postcss:
        specifier: 8.5.3
        version: 8.5.3
      react:
        specifier: 18.3.1
        version: 18.3.1
      react-dom:
        specifier: 18.3.1
        version: 18.3.1(react@18.3.1)
      react-toastify:
        specifier: 11.0.3
        version: 11.0.3(react-dom@18.3.1(react@18.3.1))(react@18.3.1)
      tailwindcss:
        specifier: 4.0.7
        version: 4.0.7
    devDependencies:
      '@types/js-cookie':
        specifier: 3.0.6
        version: 3.0.6
      '@types/node':
        specifier: 20.17.19
        version: 20.17.19
      '@types/react':
        specifier: 18.3.18
        version: 18.3.18
      '@types/react-dom':
        specifier: 18.3.5
        version: 18.3.5(@types/react@18.3.18)
      typescript:
        specifier: 5.7.3
        version: 5.7.3

packages:

  '@alloc/quick-lru@5.2.0':
    resolution: {integrity: sha512-UrcABB+4bUrFABwbluTIBErXwvbsU/V7TZWfmbgJfbkwiBuziS9gxdODUyuiecfdGQ85jglMW6juS3+z5TsKLw==}
    engines: {node: '>=10'}

  '@floating-ui/core@1.6.9':
    resolution: {integrity: sha512-uMXCuQ3BItDUbAMhIXw7UPXRfAlOAvZzdK9BWpE60MCn+Svt3aLn9jsPTi/WNGlRUu2uI0v5S7JiIUsbsvh3fw==}

  '@floating-ui/dom@1.6.13':
    resolution: {integrity: sha512-umqzocjDgNRGTuO7Q8CU32dkHkECqI8ZdMZ5Swb6QAM0t5rnlrN3lGo1hdpscRd3WS8T6DKYK4ephgIH9iRh3w==}

  '@floating-ui/react-dom@2.1.2':
    resolution: {integrity: sha512-06okr5cgPzMNBy+Ycse2A6udMi4bqwW/zgBF/rwjcNqWkyr82Mcg8b0vjX8OJpZFy/FKjJmw6wV7t44kK6kW7A==}
    peerDependencies:
      react: '>=16.8.0'
      react-dom: '>=16.8.0'

  '@floating-ui/react@0.26.28':
    resolution: {integrity: sha512-yORQuuAtVpiRjpMhdc0wJj06b9JFjrYF4qp96j++v2NBpbi6SEGF7donUJ3TMieerQ6qVkAv1tgr7L4r5roTqw==}
    peerDependencies:
      react: '>=16.8.0'
      react-dom: '>=16.8.0'

  '@floating-ui/utils@0.2.9':
    resolution: {integrity: sha512-MDWhGtE+eHw5JW7lq4qhc5yRLS11ERl1c7Z6Xd0a58DozHES6EnNNwUWbMiG4J9Cgj053Bhk8zvlhFYKVhULwg==}

  '@fontsource-variable/geist@5.0.1':
    resolution: {integrity: sha512-TDSL3iy47DFGM8go1hejvloGaTFD7bxTjh9Oy9KXpC9z55eBcTueziPlyEqVVb9Sn1OkiW4lPgXQkc+BNOzFvA==}

  '@headlessui/react@2.2.0':
    resolution: {integrity: sha512-RzCEg+LXsuI7mHiSomsu/gBJSjpupm6A1qIZ5sWjd7JhARNlMiSA4kKfJpCKwU9tE+zMRterhhrP74PvfJrpXQ==}
    engines: {node: '>=10'}
    peerDependencies:
      react: ^18 || ^19 || ^19.0.0-rc
      react-dom: ^18 || ^19 || ^19.0.0-rc

  '@next/env@14.2.24':
    resolution: {integrity: sha512-LAm0Is2KHTNT6IT16lxT+suD0u+VVfYNQqM+EJTKuFRRuY2z+zj01kueWXPCxbMBDt0B5vONYzabHGUNbZYAhA==}

  '@next/swc-darwin-arm64@14.2.24':
    resolution: {integrity: sha512-7Tdi13aojnAZGpapVU6meVSpNzgrFwZ8joDcNS8cJVNuP3zqqrLqeory9Xec5TJZR/stsGJdfwo8KeyloT3+rQ==}
    engines: {node: '>= 10'}
    cpu: [arm64]
    os: [darwin]

  '@next/swc-darwin-x64@14.2.24':
    resolution: {integrity: sha512-lXR2WQqUtu69l5JMdTwSvQUkdqAhEWOqJEYUQ21QczQsAlNOW2kWZCucA6b3EXmPbcvmHB1kSZDua/713d52xg==}
    engines: {node: '>= 10'}
    cpu: [x64]
    os: [darwin]

  '@next/swc-linux-arm64-gnu@14.2.24':
    resolution: {integrity: sha512-nxvJgWOpSNmzidYvvGDfXwxkijb6hL9+cjZx1PVG6urr2h2jUqBALkKjT7kpfurRWicK6hFOvarmaWsINT1hnA==}
    engines: {node: '>= 10'}
    cpu: [arm64]
    os: [linux]

  '@next/swc-linux-arm64-musl@14.2.24':
    resolution: {integrity: sha512-PaBgOPhqa4Abxa3y/P92F3kklNPsiFjcjldQGT7kFmiY5nuFn8ClBEoX8GIpqU1ODP2y8P6hio6vTomx2Vy0UQ==}
    engines: {node: '>= 10'}
    cpu: [arm64]
    os: [linux]

  '@next/swc-linux-x64-gnu@14.2.24':
    resolution: {integrity: sha512-vEbyadiRI7GOr94hd2AB15LFVgcJZQWu7Cdi9cWjCMeCiUsHWA0U5BkGPuoYRnTxTn0HacuMb9NeAmStfBCLoQ==}
    engines: {node: '>= 10'}
    cpu: [x64]
    os: [linux]

  '@next/swc-linux-x64-musl@14.2.24':
    resolution: {integrity: sha512-df0FC9ptaYsd8nQCINCzFtDWtko8PNRTAU0/+d7hy47E0oC17tI54U/0NdGk7l/76jz1J377dvRjmt6IUdkpzQ==}
    engines: {node: '>= 10'}
    cpu: [x64]
    os: [linux]

  '@next/swc-win32-arm64-msvc@14.2.24':
    resolution: {integrity: sha512-ZEntbLjeYAJ286eAqbxpZHhDFYpYjArotQ+/TW9j7UROh0DUmX7wYDGtsTPpfCV8V+UoqHBPU7q9D4nDNH014Q==}
    engines: {node: '>= 10'}
    cpu: [arm64]
    os: [win32]

  '@next/swc-win32-ia32-msvc@14.2.24':
    resolution: {integrity: sha512-9KuS+XUXM3T6v7leeWU0erpJ6NsFIwiTFD5nzNg8J5uo/DMIPvCp3L1Ao5HjbHX0gkWPB1VrKoo/Il4F0cGK2Q==}
    engines: {node: '>= 10'}
    cpu: [ia32]
    os: [win32]

  '@next/swc-win32-x64-msvc@14.2.24':
    resolution: {integrity: sha512-cXcJ2+x0fXQ2CntaE00d7uUH+u1Bfp/E0HsNQH79YiLaZE5Rbm7dZzyAYccn3uICM7mw+DxoMqEfGXZtF4Fgaw==}
    engines: {node: '>= 10'}
    cpu: [x64]
    os: [win32]

  '@react-aria/focus@3.19.1':
    resolution: {integrity: sha512-bix9Bu1Ue7RPcYmjwcjhB14BMu2qzfJ3tMQLqDc9pweJA66nOw8DThy3IfVr8Z7j2PHktOLf9kcbiZpydKHqzg==}
    peerDependencies:
      react: ^16.8.0 || ^17.0.0-rc.1 || ^18.0.0 || ^19.0.0-rc.1
      react-dom: ^16.8.0 || ^17.0.0-rc.1 || ^18.0.0 || ^19.0.0-rc.1

  '@react-aria/interactions@3.23.0':
    resolution: {integrity: sha512-0qR1atBIWrb7FzQ+Tmr3s8uH5mQdyRH78n0krYaG8tng9+u1JlSi8DGRSaC9ezKyNB84m7vHT207xnHXGeJ3Fg==}
    peerDependencies:
      react: ^16.8.0 || ^17.0.0-rc.1 || ^18.0.0 || ^19.0.0-rc.1
      react-dom: ^16.8.0 || ^17.0.0-rc.1 || ^18.0.0 || ^19.0.0-rc.1

  '@react-aria/ssr@3.9.7':
    resolution: {integrity: sha512-GQygZaGlmYjmYM+tiNBA5C6acmiDWF52Nqd40bBp0Znk4M4hP+LTmI0lpI1BuKMw45T8RIhrAsICIfKwZvi2Gg==}
    engines: {node: '>= 12'}
    peerDependencies:
      react: ^16.8.0 || ^17.0.0-rc.1 || ^18.0.0 || ^19.0.0-rc.1

  '@react-aria/utils@3.27.0':
    resolution: {integrity: sha512-p681OtApnKOdbeN8ITfnnYqfdHS0z7GE+4l8EXlfLnr70Rp/9xicBO6d2rU+V/B3JujDw2gPWxYKEnEeh0CGCw==}
    peerDependencies:
      react: ^16.8.0 || ^17.0.0-rc.1 || ^18.0.0 || ^19.0.0-rc.1
      react-dom: ^16.8.0 || ^17.0.0-rc.1 || ^18.0.0 || ^19.0.0-rc.1

  '@react-stately/utils@3.10.5':
    resolution: {integrity: sha512-iMQSGcpaecghDIh3mZEpZfoFH3ExBwTtuBEcvZ2XnGzCgQjeYXcMdIUwAfVQLXFTdHUHGF6Gu6/dFrYsCzySBQ==}
    peerDependencies:
      react: ^16.8.0 || ^17.0.0-rc.1 || ^18.0.0 || ^19.0.0-rc.1

  '@react-types/shared@3.27.0':
    resolution: {integrity: sha512-gvznmLhi6JPEf0bsq7SwRYTHAKKq/wcmKqFez9sRdbED+SPMUmK5omfZ6w3EwUFQHbYUa4zPBYedQ7Knv70RMw==}
    peerDependencies:
      react: ^16.8.0 || ^17.0.0-rc.1 || ^18.0.0 || ^19.0.0-rc.1

  '@swc/counter@0.1.3':
    resolution: {integrity: sha512-e2BR4lsJkkRlKZ/qCHPw9ZaSxc0MVUd7gtbtaB7aMvHeJVYe8sOB8DBZkP2DtISHGSku9sCK6T6cnY0CtXrOCQ==}

  '@swc/helpers@0.5.5':
    resolution: {integrity: sha512-KGYxvIOXcceOAbEk4bi/dVLEK9z8sZ0uBB3Il5b1rhfClSpcX0yfRO0KmTkqR2cnQDymwLB+25ZyMzICg/cm/A==}

  '@tailwindcss/node@4.0.7':
    resolution: {integrity: sha512-dkFXufkbRB2mu3FPsW5xLAUWJyexpJA+/VtQj18k3SUiJVLdpgzBd1v1gRRcIpEJj7K5KpxBKfOXlZxT3ZZRuA==}

  '@tailwindcss/oxide-android-arm64@4.0.7':
    resolution: {integrity: sha512-5iQXXcAeOHBZy8ASfHFm1k0O/9wR2E3tKh6+P+ilZZbQiMgu+qrnfpBWYPc3FPuQdWiWb73069WT5D+CAfx/tg==}
    engines: {node: '>= 10'}
    cpu: [arm64]
    os: [android]

  '@tailwindcss/oxide-darwin-arm64@4.0.7':
    resolution: {integrity: sha512-7yGZtEc5IgVYylqK/2B0yVqoofk4UAbkn1ygNpIJZyrOhbymsfr8uUFCueTu2fUxmAYIfMZ8waWo2dLg/NgLgg==}
    engines: {node: '>= 10'}
    cpu: [arm64]
    os: [darwin]

  '@tailwindcss/oxide-darwin-x64@4.0.7':
    resolution: {integrity: sha512-tPQDV20fBjb26yWbPqT1ZSoDChomMCiXTKn4jupMSoMCFyU7+OJvIY1ryjqBuY622dEBJ8LnCDDWsnj1lX9nNQ==}
    engines: {node: '>= 10'}
    cpu: [x64]
    os: [darwin]

  '@tailwindcss/oxide-freebsd-x64@4.0.7':
    resolution: {integrity: sha512-sZqJpTyTZiknU9LLHuByg5GKTW+u3FqM7q7myequAXxKOpAFiOfXpY710FuMY+gjzSapyRbDXJlsTQtCyiTo5w==}
    engines: {node: '>= 10'}
    cpu: [x64]
    os: [freebsd]

  '@tailwindcss/oxide-linux-arm-gnueabihf@4.0.7':
    resolution: {integrity: sha512-PBgvULgeSswjd8cbZ91gdIcIDMdc3TUHV5XemEpxlqt9M8KoydJzkuB/Dt910jYdofOIaTWRL6adG9nJICvU4A==}
    engines: {node: '>= 10'}
    cpu: [arm]
    os: [linux]

  '@tailwindcss/oxide-linux-arm64-gnu@4.0.7':
    resolution: {integrity: sha512-By/a2yeh+e9b+C67F88ndSwVJl2A3tcUDb29FbedDi+DZ4Mr07Oqw9Y1DrDrtHIDhIZ3bmmiL1dkH2YxrtV+zw==}
    engines: {node: '>= 10'}
    cpu: [arm64]
    os: [linux]

  '@tailwindcss/oxide-linux-arm64-musl@4.0.7':
    resolution: {integrity: sha512-WHYs3cpPEJb/ccyT20NOzopYQkl7JKncNBUbb77YFlwlXMVJLLV3nrXQKhr7DmZxz2ZXqjyUwsj2rdzd9stYdw==}
    engines: {node: '>= 10'}
    cpu: [arm64]
    os: [linux]

  '@tailwindcss/oxide-linux-x64-gnu@4.0.7':
    resolution: {integrity: sha512-7bP1UyuX9kFxbOwkeIJhBZNevKYPXB6xZI37v09fqi6rqRJR8elybwjMUHm54GVP+UTtJ14ueB1K54Dy1tIO6w==}
    engines: {node: '>= 10'}
    cpu: [x64]
    os: [linux]

  '@tailwindcss/oxide-linux-x64-musl@4.0.7':
    resolution: {integrity: sha512-gBQIV8nL/LuhARNGeroqzXymMzzW5wQzqlteVqOVoqwEfpHOP3GMird5pGFbnpY+NP0fOlsZGrxxOPQ4W/84bQ==}
    engines: {node: '>= 10'}
    cpu: [x64]
    os: [linux]

  '@tailwindcss/oxide-win32-arm64-msvc@4.0.7':
    resolution: {integrity: sha512-aH530NFfx0kpQpvYMfWoeG03zGnRCMVlQG8do/5XeahYydz+6SIBxA1tl/cyITSJyWZHyVt6GVNkXeAD30v0Xg==}
    engines: {node: '>= 10'}
    cpu: [arm64]
    os: [win32]

  '@tailwindcss/oxide-win32-x64-msvc@4.0.7':
    resolution: {integrity: sha512-8Cva6bbJN7ZJx320k7vxGGdU0ewmpfS5A4PudyzUuofdi8MgeINuiiWiPQ0VZCda/GX88K6qp+6UpDZNVr8HMQ==}
    engines: {node: '>= 10'}
    cpu: [x64]
    os: [win32]

  '@tailwindcss/oxide@4.0.7':
    resolution: {integrity: sha512-yr6w5YMgjy+B+zkJiJtIYGXW+HNYOPfRPtSs+aqLnKwdEzNrGv4ZuJh9hYJ3mcA+HMq/K1rtFV+KsEr65S558g==}
    engines: {node: '>= 10'}

  '@tailwindcss/postcss@4.0.7':
    resolution: {integrity: sha512-zXcKs1uGssVDlnsQ+iwrkul5GPKvsXPynGCuk/eXLx3DVhHlQKMpA6tXN2oO28x2ki1xRBTfadKiHy2taVvp7g==}

  '@tanstack/react-virtual@3.13.0':
    resolution: {integrity: sha512-CchF0NlLIowiM2GxtsoKBkXA4uqSnY2KvnXo+kyUFD4a4ll6+J0qzoRsUPMwXV/H26lRsxgJIr/YmjYum2oEjg==}
    peerDependencies:
      react: ^16.8.0 || ^17.0.0 || ^18.0.0 || ^19.0.0
      react-dom: ^16.8.0 || ^17.0.0 || ^18.0.0 || ^19.0.0

  '@tanstack/virtual-core@3.13.0':
    resolution: {integrity: sha512-NBKJP3OIdmZY3COJdWkSonr50FMVIi+aj5ZJ7hI/DTpEKg2RMfo/KvP8A3B/zOSpMgIe52B5E2yn7rryULzA6g==}

  '@types/js-cookie@3.0.6':
    resolution: {integrity: sha512-wkw9yd1kEXOPnvEeEV1Go1MmxtBJL0RR79aOTAApecWFVu7w0NNXNqhcWgvw2YgZDYadliXkl14pa3WXw5jlCQ==}

  '@types/node@20.17.19':
    resolution: {integrity: sha512-LEwC7o1ifqg/6r2gn9Dns0f1rhK+fPFDoMiceTJ6kWmVk6bgXBI/9IOWfVan4WiAavK9pIVWdX0/e3J+eEUh5A==}

  '@types/prop-types@15.7.14':
    resolution: {integrity: sha512-gNMvNH49DJ7OJYv+KAKn0Xp45p8PLl6zo2YnvDIbTd4J6MER2BmWN49TG7n9LvkyihINxeKW8+3bfS2yDC9dzQ==}

  '@types/react-dom@18.3.5':
    resolution: {integrity: sha512-P4t6saawp+b/dFrUr2cvkVsfvPguwsxtH6dNIYRllMsefqFzkZk5UIjzyDOv5g1dXIPdG4Sp1yCR4Z6RCUsG/Q==}
    peerDependencies:
      '@types/react': ^18.0.0

  '@types/react@18.3.18':
    resolution: {integrity: sha512-t4yC+vtgnkYjNSKlFx1jkAhH8LgTo2N/7Qvi83kdEaUtMDiwpbLAktKDaAMlRcJ5eSxZkH74eEGt1ky31d7kfQ==}

  busboy@1.6.0:
    resolution: {integrity: sha512-8SFQbg/0hQ9xy3UNTB0YEnsNBbWfhf7RtnzpL7TkBiTBRfrQ9Fxcnz7VJsleJpyp6rVLvXiuORqjlHi5q+PYuA==}
    engines: {node: '>=10.16.0'}

  caniuse-lite@1.0.30001700:
    resolution: {integrity: sha512-2S6XIXwaE7K7erT8dY+kLQcpa5ms63XlRkMkReXjle+kf6c5g38vyMl+Z5y8dSxOFDhcFe+nxnn261PLxBSQsQ==}

  client-only@0.0.1:
    resolution: {integrity: sha512-IV3Ou0jSMzZrd3pZ48nLkT9DA7Ag1pnPzaiQhpW7c3RbcqqzvzzVu+L8gfqMp/8IM2MQtSiqaCxrrcfu8I8rMA==}

  clsx@2.1.1:
    resolution: {integrity: sha512-eYm0QWBtUrBWZWG0d386OGAw16Z995PiOVo2B7bjWSbHedGl5e0ZWaq65kOGgUSNesEIDkB9ISbTg/JK9dhCZA==}
    engines: {node: '>=6'}

  csstype@3.1.3:
    resolution: {integrity: sha512-M1uQkMl8rQK/szD0LNhtqxIPLpimGm8sOBwU7lLnCpSbTyY3yeU1Vc7l4KT5zT4s/yOxHH5O7tIuuLOCnLADRw==}

  detect-libc@1.0.3:
    resolution: {integrity: sha512-pGjwhsmsp4kL2RTz08wcOlGN83otlqHeD/Z5T8GXZB+/YcpQ/dgo+lbU8ZsGxV0HIvqqxo9l7mqYwyYMD9bKDg==}
    engines: {node: '>=0.10'}
    hasBin: true

  enhanced-resolve@5.18.1:
    resolution: {integrity: sha512-ZSW3ma5GkcQBIpwZTSRAI8N71Uuwgs93IezB7mf7R60tC8ZbJideoDNKjHn2O9KIlx6rkGTTEk1xUCK2E1Y2Yg==}
    engines: {node: '>=10.13.0'}

  graceful-fs@4.2.11:
    resolution: {integrity: sha512-RbJ5/jmFcNNCcDV5o9eTnBLJ/HszWV0P73bc+Ff4nS/rJj+YaS6IGyiOL0VoBYX+l1Wrl3k63h/KrH+nhJ0XvQ==}

  holy-loader@2.3.13:
    resolution: {integrity: sha512-SnQ06sfMgbhiRGkHZ0RFMbexSpZN3i6tgItt3q8GWNba3mOdsq1RNJXkoqsWkqPIAmyroj2/xIOHu1hCFnjkBQ==}
    peerDependencies:
      react: '>= 16.0.0'

  jiti@2.4.2:
    resolution: {integrity: sha512-rg9zJN+G4n2nfJl5MW3BMygZX56zKPNVEYYqq7adpmMh4Jn2QNEwhvQlFy6jPVdcod7txZtKHWnyZiA3a0zP7A==}
    hasBin: true

  js-cookie@3.0.5:
    resolution: {integrity: sha512-cEiJEAEoIbWfCZYKWhVwFuvPX1gETRYPw6LlaTKoxD3s2AkXzkCjnp6h0V77ozyqj0jakteJ4YqDJT830+lVGw==}
    engines: {node: '>=14'}

  js-tokens@4.0.0:
    resolution: {integrity: sha512-RdJUflcE3cUzKiMqQgsCu06FPu9UdIJO0beYbPhHN4k6apgJtifcoCtT9bcxOpYBtpD2kCM6Sbzg4CausW/PKQ==}

  lightningcss-darwin-arm64@1.29.1:
    resolution: {integrity: sha512-HtR5XJ5A0lvCqYAoSv2QdZZyoHNttBpa5EP9aNuzBQeKGfbyH5+UipLWvVzpP4Uml5ej4BYs5I9Lco9u1fECqw==}
    engines: {node: '>= 12.0.0'}
    cpu: [arm64]
    os: [darwin]

  lightningcss-darwin-x64@1.29.1:
    resolution: {integrity: sha512-k33G9IzKUpHy/J/3+9MCO4e+PzaFblsgBjSGlpAaFikeBFm8B/CkO3cKU9oI4g+fjS2KlkLM/Bza9K/aw8wsNA==}
    engines: {node: '>= 12.0.0'}
    cpu: [x64]
    os: [darwin]

  lightningcss-freebsd-x64@1.29.1:
    resolution: {integrity: sha512-0SUW22fv/8kln2LnIdOCmSuXnxgxVC276W5KLTwoehiO0hxkacBxjHOL5EtHD8BAXg2BvuhsJPmVMasvby3LiQ==}
    engines: {node: '>= 12.0.0'}
    cpu: [x64]
    os: [freebsd]

  lightningcss-linux-arm-gnueabihf@1.29.1:
    resolution: {integrity: sha512-sD32pFvlR0kDlqsOZmYqH/68SqUMPNj+0pucGxToXZi4XZgZmqeX/NkxNKCPsswAXU3UeYgDSpGhu05eAufjDg==}
    engines: {node: '>= 12.0.0'}
    cpu: [arm]
    os: [linux]

  lightningcss-linux-arm64-gnu@1.29.1:
    resolution: {integrity: sha512-0+vClRIZ6mmJl/dxGuRsE197o1HDEeeRk6nzycSy2GofC2JsY4ifCRnvUWf/CUBQmlrvMzt6SMQNMSEu22csWQ==}
    engines: {node: '>= 12.0.0'}
    cpu: [arm64]
    os: [linux]

  lightningcss-linux-arm64-musl@1.29.1:
    resolution: {integrity: sha512-UKMFrG4rL/uHNgelBsDwJcBqVpzNJbzsKkbI3Ja5fg00sgQnHw/VrzUTEc4jhZ+AN2BvQYz/tkHu4vt1kLuJyw==}
    engines: {node: '>= 12.0.0'}
    cpu: [arm64]
    os: [linux]

  lightningcss-linux-x64-gnu@1.29.1:
    resolution: {integrity: sha512-u1S+xdODy/eEtjADqirA774y3jLcm8RPtYztwReEXoZKdzgsHYPl0s5V52Tst+GKzqjebkULT86XMSxejzfISw==}
    engines: {node: '>= 12.0.0'}
    cpu: [x64]
    os: [linux]

  lightningcss-linux-x64-musl@1.29.1:
    resolution: {integrity: sha512-L0Tx0DtaNUTzXv0lbGCLB/c/qEADanHbu4QdcNOXLIe1i8i22rZRpbT3gpWYsCh9aSL9zFujY/WmEXIatWvXbw==}
    engines: {node: '>= 12.0.0'}
    cpu: [x64]
    os: [linux]

  lightningcss-win32-arm64-msvc@1.29.1:
    resolution: {integrity: sha512-QoOVnkIEFfbW4xPi+dpdft/zAKmgLgsRHfJalEPYuJDOWf7cLQzYg0DEh8/sn737FaeMJxHZRc1oBreiwZCjog==}
    engines: {node: '>= 12.0.0'}
    cpu: [arm64]
    os: [win32]

  lightningcss-win32-x64-msvc@1.29.1:
    resolution: {integrity: sha512-NygcbThNBe4JElP+olyTI/doBNGJvLs3bFCRPdvuCcxZCcCZ71B858IHpdm7L1btZex0FvCmM17FK98Y9MRy1Q==}
    engines: {node: '>= 12.0.0'}
    cpu: [x64]
    os: [win32]

  lightningcss@1.29.1:
    resolution: {integrity: sha512-FmGoeD4S05ewj+AkhTY+D+myDvXI6eL27FjHIjoyUkO/uw7WZD1fBVs0QxeYWa7E17CUHJaYX/RUGISCtcrG4Q==}
    engines: {node: '>= 12.0.0'}

  loose-envify@1.4.0:
    resolution: {integrity: sha512-lyuxPGr/Wfhrlem2CL/UcnUc1zcqKAImBDzukY7Y5F/yQiNdko6+fRLevlw1HgMySw7f611UIY408EtxRSoK3Q==}
    hasBin: true

  nanoid@3.3.8:
    resolution: {integrity: sha512-WNLf5Sd8oZxOm+TzppcYk8gVOgP+l58xNy58D0nbUnOxOWRWvlcCV4kUF7ltmI6PsrLl/BgKEyS4mqsGChFN0w==}
    engines: {node: ^10 || ^12 || ^13.7 || ^14 || >=15.0.1}
    hasBin: true

  next@14.2.24:
    resolution: {integrity: sha512-En8VEexSJ0Py2FfVnRRh8gtERwDRaJGNvsvad47ShkC2Yi8AXQPXEA2vKoDJlGFSj5WE5SyF21zNi4M5gyi+SQ==}
    engines: {node: '>=18.17.0'}
    hasBin: true
    peerDependencies:
      '@opentelemetry/api': ^1.1.0
      '@playwright/test': ^1.41.2
      react: ^18.2.0
      react-dom: ^18.2.0
      sass: ^1.3.0
    peerDependenciesMeta:
      '@opentelemetry/api':
        optional: true
      '@playwright/test':
        optional: true
      sass:
        optional: true

  picocolors@1.1.1:
    resolution: {integrity: sha512-xceH2snhtb5M9liqDsmEw56le376mTZkEX/jEb/RxNFyegNul7eNslCXP9FDj/Lcu0X8KEyMceP2ntpaHrDEVA==}

  postcss@8.4.31:
    resolution: {integrity: sha512-PS08Iboia9mts/2ygV3eLpY5ghnUcfLV/EXTOW1E2qYxJKGGBUtNjN76FYHnMs36RmARn41bC0AZmn+rR0OVpQ==}
    engines: {node: ^10 || ^12 || >=14}

  postcss@8.5.3:
    resolution: {integrity: sha512-dle9A3yYxlBSrt8Fu+IpjGT8SY8hN0mlaA6GY8t0P5PjIOZemULz/E2Bnm/2dcUOena75OTNkHI76uZBNUUq3A==}
    engines: {node: ^10 || ^12 || >=14}

  react-dom@18.3.1:
    resolution: {integrity: sha512-5m4nQKp+rZRb09LNH59GM4BxTh9251/ylbKIbpe7TpGxfJ+9kv6BLkLBXIjjspbgbnIBNqlI23tRnTWT0snUIw==}
    peerDependencies:
      react: ^18.3.1

  react-toastify@11.0.3:
    resolution: {integrity: sha512-cbPtHJPfc0sGqVwozBwaTrTu1ogB9+BLLjd4dDXd863qYLj7DGrQ2sg5RAChjFUB4yc3w8iXOtWcJqPK/6xqRQ==}
    peerDependencies:
      react: ^18 || ^19
      react-dom: ^18 || ^19

  react@18.3.1:
    resolution: {integrity: sha512-wS+hAgJShR0KhEvPJArfuPVN1+Hz1t0Y6n5jLrGQbkb4urgPE/0Rve+1kMB1v/oWgHgm4WIcV+i7F2pTVj+2iQ==}
    engines: {node: '>=0.10.0'}

  scheduler@0.23.2:
    resolution: {integrity: sha512-UOShsPwz7NrMUqhR6t0hWjFduvOzbtv7toDH1/hIrfRNIDBnnBWd0CwJTGvTpngVlmwGCdP9/Zl/tVrDqcuYzQ==}

  source-map-js@1.2.1:
    resolution: {integrity: sha512-UXWMKhLOwVKb728IUtQPXxfYU+usdybtUrK/8uGE8CQMvrhOpwvzDBwj0QhSL7MQc7vIsISBG8VQ8+IDQxpfQA==}
    engines: {node: '>=0.10.0'}

  streamsearch@1.1.0:
    resolution: {integrity: sha512-Mcc5wHehp9aXz1ax6bZUyY5afg9u2rv5cqQI3mRrYkGC8rW2hM02jWuwjtL++LS5qinSyhj2QfLyNsuc+VsExg==}
    engines: {node: '>=10.0.0'}

  styled-jsx@5.1.1:
    resolution: {integrity: sha512-pW7uC1l4mBZ8ugbiZrcIsiIvVx1UmTfw7UkC3Um2tmfUq9Bhk8IiyEIPl6F8agHgjzku6j0xQEZbfA5uSgSaCw==}
    engines: {node: '>= 12.0.0'}
    peerDependencies:
      '@babel/core': '*'
      babel-plugin-macros: '*'
      react: '>= 16.8.0 || 17.x.x || ^18.0.0-0'
    peerDependenciesMeta:
      '@babel/core':
        optional: true
      babel-plugin-macros:
        optional: true

  tabbable@6.2.0:
    resolution: {integrity: sha512-Cat63mxsVJlzYvN51JmVXIgNoUokrIaT2zLclCXjRd8boZ0004U4KCs/sToJ75C6sdlByWxpYnb5Boif1VSFew==}

  tailwindcss@4.0.7:
    resolution: {integrity: sha512-yH5bPPyapavo7L+547h3c4jcBXcrKwybQRjwdEIVAd9iXRvy/3T1CC6XSQEgZtRySjKfqvo3Cc0ZF1DTheuIdA==}

  tapable@2.2.1:
    resolution: {integrity: sha512-GNzQvQTOIP6RyTfE2Qxb8ZVlNmw0n88vp1szwWRimP02mnTsx3Wtn5qRdqY9w2XduFNUgvOwhNnQsjwCp+kqaQ==}
    engines: {node: '>=6'}

  tslib@2.8.1:
    resolution: {integrity: sha512-oJFu94HQb+KVduSUQL7wnpmqnfmLsOA/nAh6b6EH0wCEoK0/mPeXU6c3wKDV83MkOuHPRHtSXKKU99IBazS/2w==}

  typescript@5.7.3:
    resolution: {integrity: sha512-84MVSjMEHP+FQRPy3pX9sTVV/INIex71s9TL2Gm5FG/WG1SqXeKyZ0k7/blY/4FdOzI12CBy1vGc4og/eus0fw==}
    engines: {node: '>=14.17'}
    hasBin: true

  undici-types@6.19.8:
    resolution: {integrity: sha512-ve2KP6f/JnbPBFyobGHuerC9g1FYGn/F8n1LWTwNxCEzd6IfqTwUQcNXgEtmmQ6DlRrC1hrSrBnCZPokRrDHjw==}

snapshots:

  '@alloc/quick-lru@5.2.0': {}

  '@floating-ui/core@1.6.9':
    dependencies:
      '@floating-ui/utils': 0.2.9

  '@floating-ui/dom@1.6.13':
    dependencies:
      '@floating-ui/core': 1.6.9
      '@floating-ui/utils': 0.2.9

  '@floating-ui/react-dom@2.1.2(react-dom@18.3.1(react@18.3.1))(react@18.3.1)':
    dependencies:
      '@floating-ui/dom': 1.6.13
      react: 18.3.1
      react-dom: 18.3.1(react@18.3.1)

  '@floating-ui/react@0.26.28(react-dom@18.3.1(react@18.3.1))(react@18.3.1)':
    dependencies:
      '@floating-ui/react-dom': 2.1.2(react-dom@18.3.1(react@18.3.1))(react@18.3.1)
      '@floating-ui/utils': 0.2.9
      react: 18.3.1
      react-dom: 18.3.1(react@18.3.1)
      tabbable: 6.2.0

  '@floating-ui/utils@0.2.9': {}

  '@fontsource-variable/geist@5.0.1': {}

  '@headlessui/react@2.2.0(react-dom@18.3.1(react@18.3.1))(react@18.3.1)':
    dependencies:
      '@floating-ui/react': 0.26.28(react-dom@18.3.1(react@18.3.1))(react@18.3.1)
      '@react-aria/focus': 3.19.1(react-dom@18.3.1(react@18.3.1))(react@18.3.1)
      '@react-aria/interactions': 3.23.0(react-dom@18.3.1(react@18.3.1))(react@18.3.1)
      '@tanstack/react-virtual': 3.13.0(react-dom@18.3.1(react@18.3.1))(react@18.3.1)
      react: 18.3.1
      react-dom: 18.3.1(react@18.3.1)

  '@next/env@14.2.24': {}

  '@next/swc-darwin-arm64@14.2.24':
    optional: true

  '@next/swc-darwin-x64@14.2.24':
    optional: true

  '@next/swc-linux-arm64-gnu@14.2.24':
    optional: true

  '@next/swc-linux-arm64-musl@14.2.24':
    optional: true

  '@next/swc-linux-x64-gnu@14.2.24':
    optional: true

  '@next/swc-linux-x64-musl@14.2.24':
    optional: true

  '@next/swc-win32-arm64-msvc@14.2.24':
    optional: true

  '@next/swc-win32-ia32-msvc@14.2.24':
    optional: true

  '@next/swc-win32-x64-msvc@14.2.24':
    optional: true

  '@react-aria/focus@3.19.1(react-dom@18.3.1(react@18.3.1))(react@18.3.1)':
    dependencies:
      '@react-aria/interactions': 3.23.0(react-dom@18.3.1(react@18.3.1))(react@18.3.1)
      '@react-aria/utils': 3.27.0(react-dom@18.3.1(react@18.3.1))(react@18.3.1)
      '@react-types/shared': 3.27.0(react@18.3.1)
      '@swc/helpers': 0.5.5
      clsx: 2.1.1
      react: 18.3.1
      react-dom: 18.3.1(react@18.3.1)

  '@react-aria/interactions@3.23.0(react-dom@18.3.1(react@18.3.1))(react@18.3.1)':
    dependencies:
      '@react-aria/ssr': 3.9.7(react@18.3.1)
      '@react-aria/utils': 3.27.0(react-dom@18.3.1(react@18.3.1))(react@18.3.1)
      '@react-types/shared': 3.27.0(react@18.3.1)
      '@swc/helpers': 0.5.5
      react: 18.3.1
      react-dom: 18.3.1(react@18.3.1)

  '@react-aria/ssr@3.9.7(react@18.3.1)':
    dependencies:
      '@swc/helpers': 0.5.5
      react: 18.3.1

  '@react-aria/utils@3.27.0(react-dom@18.3.1(react@18.3.1))(react@18.3.1)':
    dependencies:
      '@react-aria/ssr': 3.9.7(react@18.3.1)
      '@react-stately/utils': 3.10.5(react@18.3.1)
      '@react-types/shared': 3.27.0(react@18.3.1)
      '@swc/helpers': 0.5.5
      clsx: 2.1.1
      react: 18.3.1
      react-dom: 18.3.1(react@18.3.1)

  '@react-stately/utils@3.10.5(react@18.3.1)':
    dependencies:
      '@swc/helpers': 0.5.5
      react: 18.3.1

  '@react-types/shared@3.27.0(react@18.3.1)':
    dependencies:
      react: 18.3.1

  '@swc/counter@0.1.3': {}

  '@swc/helpers@0.5.5':
    dependencies:
      '@swc/counter': 0.1.3
      tslib: 2.8.1

  '@tailwindcss/node@4.0.7':
    dependencies:
      enhanced-resolve: 5.18.1
      jiti: 2.4.2
      tailwindcss: 4.0.7

  '@tailwindcss/oxide-android-arm64@4.0.7':
    optional: true

  '@tailwindcss/oxide-darwin-arm64@4.0.7':
    optional: true

  '@tailwindcss/oxide-darwin-x64@4.0.7':
    optional: true

  '@tailwindcss/oxide-freebsd-x64@4.0.7':
    optional: true

  '@tailwindcss/oxide-linux-arm-gnueabihf@4.0.7':
    optional: true

  '@tailwindcss/oxide-linux-arm64-gnu@4.0.7':
    optional: true

  '@tailwindcss/oxide-linux-arm64-musl@4.0.7':
    optional: true

  '@tailwindcss/oxide-linux-x64-gnu@4.0.7':
    optional: true

  '@tailwindcss/oxide-linux-x64-musl@4.0.7':
    optional: true

  '@tailwindcss/oxide-win32-arm64-msvc@4.0.7':
    optional: true

  '@tailwindcss/oxide-win32-x64-msvc@4.0.7':
    optional: true

  '@tailwindcss/oxide@4.0.7':
    optionalDependencies:
      '@tailwindcss/oxide-android-arm64': 4.0.7
      '@tailwindcss/oxide-darwin-arm64': 4.0.7
      '@tailwindcss/oxide-darwin-x64': 4.0.7
      '@tailwindcss/oxide-freebsd-x64': 4.0.7
      '@tailwindcss/oxide-linux-arm-gnueabihf': 4.0.7
      '@tailwindcss/oxide-linux-arm64-gnu': 4.0.7
      '@tailwindcss/oxide-linux-arm64-musl': 4.0.7
      '@tailwindcss/oxide-linux-x64-gnu': 4.0.7
      '@tailwindcss/oxide-linux-x64-musl': 4.0.7
      '@tailwindcss/oxide-win32-arm64-msvc': 4.0.7
      '@tailwindcss/oxide-win32-x64-msvc': 4.0.7

  '@tailwindcss/postcss@4.0.7':
    dependencies:
      '@alloc/quick-lru': 5.2.0
      '@tailwindcss/node': 4.0.7
      '@tailwindcss/oxide': 4.0.7
      lightningcss: 1.29.1
      postcss: 8.5.3
      tailwindcss: 4.0.7

  '@tanstack/react-virtual@3.13.0(react-dom@18.3.1(react@18.3.1))(react@18.3.1)':
    dependencies:
      '@tanstack/virtual-core': 3.13.0
      react: 18.3.1
      react-dom: 18.3.1(react@18.3.1)

  '@tanstack/virtual-core@3.13.0': {}

  '@types/js-cookie@3.0.6': {}

  '@types/node@20.17.19':
    dependencies:
      undici-types: 6.19.8

  '@types/prop-types@15.7.14': {}

  '@types/react-dom@18.3.5(@types/react@18.3.18)':
    dependencies:
      '@types/react': 18.3.18

  '@types/react@18.3.18':
    dependencies:
      '@types/prop-types': 15.7.14
      csstype: 3.1.3

  busboy@1.6.0:
    dependencies:
      streamsearch: 1.1.0

  caniuse-lite@1.0.30001700: {}

  client-only@0.0.1: {}

  clsx@2.1.1: {}

  csstype@3.1.3: {}

  detect-libc@1.0.3: {}

  enhanced-resolve@5.18.1:
    dependencies:
      graceful-fs: 4.2.11
      tapable: 2.2.1

  graceful-fs@4.2.11: {}

  holy-loader@2.3.13(react@18.3.1):
    dependencies:
      react: 18.3.1

  jiti@2.4.2: {}

  js-cookie@3.0.5: {}

  js-tokens@4.0.0: {}

  lightningcss-darwin-arm64@1.29.1:
    optional: true

  lightningcss-darwin-x64@1.29.1:
    optional: true

  lightningcss-freebsd-x64@1.29.1:
    optional: true

  lightningcss-linux-arm-gnueabihf@1.29.1:
    optional: true

  lightningcss-linux-arm64-gnu@1.29.1:
    optional: true

  lightningcss-linux-arm64-musl@1.29.1:
    optional: true

  lightningcss-linux-x64-gnu@1.29.1:
    optional: true

  lightningcss-linux-x64-musl@1.29.1:
    optional: true

  lightningcss-win32-arm64-msvc@1.29.1:
    optional: true

  lightningcss-win32-x64-msvc@1.29.1:
    optional: true

  lightningcss@1.29.1:
    dependencies:
      detect-libc: 1.0.3
    optionalDependencies:
      lightningcss-darwin-arm64: 1.29.1
      lightningcss-darwin-x64: 1.29.1
      lightningcss-freebsd-x64: 1.29.1
      lightningcss-linux-arm-gnueabihf: 1.29.1
      lightningcss-linux-arm64-gnu: 1.29.1
      lightningcss-linux-arm64-musl: 1.29.1
      lightningcss-linux-x64-gnu: 1.29.1
      lightningcss-linux-x64-musl: 1.29.1
      lightningcss-win32-arm64-msvc: 1.29.1
      lightningcss-win32-x64-msvc: 1.29.1

  loose-envify@1.4.0:
    dependencies:
      js-tokens: 4.0.0

  nanoid@3.3.8: {}

  next@14.2.24(react-dom@18.3.1(react@18.3.1))(react@18.3.1):
    dependencies:
      '@next/env': 14.2.24
      '@swc/helpers': 0.5.5
      busboy: 1.6.0
      caniuse-lite: 1.0.30001700
      graceful-fs: 4.2.11
      postcss: 8.4.31
      react: 18.3.1
      react-dom: 18.3.1(react@18.3.1)
      styled-jsx: 5.1.1(react@18.3.1)
    optionalDependencies:
      '@next/swc-darwin-arm64': 14.2.24
      '@next/swc-darwin-x64': 14.2.24
      '@next/swc-linux-arm64-gnu': 14.2.24
      '@next/swc-linux-arm64-musl': 14.2.24
      '@next/swc-linux-x64-gnu': 14.2.24
      '@next/swc-linux-x64-musl': 14.2.24
      '@next/swc-win32-arm64-msvc': 14.2.24
      '@next/swc-win32-ia32-msvc': 14.2.24
      '@next/swc-win32-x64-msvc': 14.2.24
    transitivePeerDependencies:
      - '@babel/core'
      - babel-plugin-macros

  picocolors@1.1.1: {}

  postcss@8.4.31:
    dependencies:
      nanoid: 3.3.8
      picocolors: 1.1.1
      source-map-js: 1.2.1

  postcss@8.5.3:
    dependencies:
      nanoid: 3.3.8
      picocolors: 1.1.1
      source-map-js: 1.2.1

  react-dom@18.3.1(react@18.3.1):
    dependencies:
      loose-envify: 1.4.0
      react: 18.3.1
      scheduler: 0.23.2

  react-toastify@11.0.3(react-dom@18.3.1(react@18.3.1))(react@18.3.1):
    dependencies:
      clsx: 2.1.1
      react: 18.3.1
      react-dom: 18.3.1(react@18.3.1)

  react@18.3.1:
    dependencies:
      loose-envify: 1.4.0

  scheduler@0.23.2:
    dependencies:
      loose-envify: 1.4.0

  source-map-js@1.2.1: {}

  streamsearch@1.1.0: {}

  styled-jsx@5.1.1(react@18.3.1):
    dependencies:
      client-only: 0.0.1
      react: 18.3.1

  tabbable@6.2.0: {}

  tailwindcss@4.0.7: {}

  tapable@2.2.1: {}

  tslib@2.8.1: {}

  typescript@5.7.3: {}

  undici-types@6.19.8: {}
